
Microsoft Visual Studio Solution File, Format Version 12.00
# Visual Studio Version 17
VisualStudioVersion = 17.8.34511.84
MinimumVisualStudioVersion = 10.0.40219.1
Project("{FAE04EC0-301F-11D3-BF4B-00C04F79EFBC}") = "ASP.NET-Simple-E-Commerce", "ASP.NET-Simple-E-Commerce.csproj", "{20AC0D83-0C49-480B-9B76-2FE7CF20097D}"
EndProject
Global
	GlobalSection(SolutionConfigurationPlatforms) = preSolution
		Debug|Any CPU = Debug|Any CPU
		Release|Any CPU = Release|Any CPU
	EndGlobalSection
	GlobalSection(ProjectConfigurationPlatforms) = postSolution
		{20AC0D83-0C49-480B-9B76-2FE7CF20097D}.Debug|Any CPU.ActiveCfg = Debug|Any CPU
		{20AC0D83-0C49-480B-9B76-2FE7CF20097D}.Debug|Any CPU.Build.0 = Debug|Any CPU
		{20AC0D83-0C49-480B-9B76-2FE7CF20097D}.Release|Any CPU.ActiveCfg = Release|Any CPU
		{20AC0D83-0C49-480B-9B76-2FE7CF20097D}.Release|Any CPU.Build.0 = Release|Any CPU
	EndGlobalSection
	GlobalSection(SolutionProperties) = preSolution
		HideSolutionNode = FALSE
	EndGlobalSection
	GlobalSection(ExtensibilityGlobals) = postSolution
		SolutionGuid = {61875349-F252-4313-87BC-EAB02F8866C9}
	EndGlobalSection
EndGlobal
